{
  "version": 4,
  "terraform_version": "1.5.1",
  "serial": 3,
  "lineage": "6b92a397-7753-7c2a-aa75-23cf27bb9e52",
  "outputs": {},
  "resources": [
    {
      "mode": "managed",
      "type": "aws_instance",
      "name": "jay_inst",
      "provider": "provider[\"registry.terraform.io/hashicorp/aws\"]",
      "instances": [
        {
          "schema_version": 1,
          "attributes": {
            "ami": "ami-053b0d53c279acc90",
            "arn": "arn:aws:ec2:us-east-1:925068267029:instance/i-0ea7c1e75356a3991",
            "associate_public_ip_address": true,
            "availability_zone": "us-east-1a",
            "capacity_reservation_specification": [
              {
                "capacity_reservation_preference": "open",
                "capacity_reservation_target": []
              }
            ],
            "cpu_core_count": 1,
            "cpu_options": [
              {
                "amd_sev_snp": "",
                "core_count": 1,
                "threads_per_core": 1
              }
            ],
            "cpu_threads_per_core": 1,
            "credit_specification": [
              {
                "cpu_credits": "standard"
              }
            ],
            "disable_api_stop": false,
            "disable_api_termination": false,
            "ebs_block_device": [],
            "ebs_optimized": false,
            "enclave_options": [
              {
                "enabled": false
              }
            ],
            "ephemeral_block_device": [],
            "get_password_data": false,
            "hibernation": false,
            "host_id": "",
            "host_resource_group_arn": null,
            "iam_instance_profile": "",
            "id": "i-0ea7c1e75356a3991",
            "instance_initiated_shutdown_behavior": "stop",
            "instance_lifecycle": "",
            "instance_market_options": [],
            "instance_state": "running",
            "instance_type": "t2.micro",
            "ipv6_address_count": 0,
            "ipv6_addresses": [],
            "key_name": "jaykey",
            "launch_template": [],
            "maintenance_options": [
              {
                "auto_recovery": "default"
              }
            ],
            "metadata_options": [
              {
                "http_endpoint": "enabled",
                "http_put_response_hop_limit": 1,
                "http_tokens": "optional",
                "instance_metadata_tags": "disabled"
              }
            ],
            "monitoring": false,
            "network_interface": [],
            "outpost_arn": "",
            "password_data": "",
            "placement_group": "",
            "placement_partition_number": 0,
            "primary_network_interface_id": "eni-042fefae2d3b57a0e",
            "private_dns": "ip-172-31-80-226.ec2.internal",
            "private_dns_name_options": [
              {
                "enable_resource_name_dns_a_record": false,
                "enable_resource_name_dns_aaaa_record": false,
                "hostname_type": "ip-name"
              }
            ],
            "private_ip": "172.31.80.226",
            "public_dns": "ec2-44-212-27-47.compute-1.amazonaws.com",
            "public_ip": "44.212.27.47",
            "root_block_device": [
              {
                "delete_on_termination": true,
                "device_name": "/dev/sda1",
                "encrypted": false,
                "iops": 100,
                "kms_key_id": "",
                "tags": {},
                "throughput": 0,
                "volume_id": "vol-04c1b4704a4a568d7",
                "volume_size": 8,
                "volume_type": "gp2"
              }
            ],
            "secondary_private_ips": [],
            "security_groups": [
              "jay-sg"
            ],
            "source_dest_check": true,
            "spot_instance_request_id": "",
            "subnet_id": "subnet-05c3795d9fd4b98f8",
            "tags": {
              "Name": "First Instance"
            },
            "tags_all": {
              "Name": "First Instance"
            },
            "tenancy": "default",
            "timeouts": null,
            "user_data": null,
            "user_data_base64": null,
            "user_data_replace_on_change": false,
            "volume_tags": null,
            "vpc_security_group_ids": [
              "sg-0dc8e60c685dffb8c"
            ]
          },
          "sensitive_attributes": [],
          "private": "eyJlMmJmYjczMC1lY2FhLTExZTYtOGY4OC0zNDM2M2JjN2M0YzAiOnsiY3JlYXRlIjo2MDAwMDAwMDAwMDAsImRlbGV0ZSI6MTIwMDAwMDAwMDAwMCwidXBkYXRlIjo2MDAwMDAwMDAwMDB9LCJzY2hlbWFfdmVyc2lvbiI6IjEifQ==",
          "dependencies": [
            "aws_key_pair.jay-key"
          ]
        }
      ]
    },
    {
      "mode": "managed",
      "type": "aws_key_pair",
      "name": "jay-key",
      "provider": "provider[\"registry.terraform.io/hashicorp/aws\"]",
      "instances": [
        {
          "schema_version": 1,
          "attributes": {
            "arn": "arn:aws:ec2:us-east-1:925068267029:key-pair/jaykey",
            "fingerprint": "d4:33:5a:d7:8b:34:47:2a:85:2f:e5:0e:f1:35:8f:74",
            "id": "jaykey",
            "key_name": "jaykey",
            "key_name_prefix": "",
            "key_pair_id": "key-05469192621c6a77c",
            "key_type": "rsa",
            "public_key": "ssh-rsa AAAAB3NzaC1yc2EAAAADAQABAAABgQDx5JGG/JxMXkx0jfmHP6Au+rm57u4MXZLDmJYZbPdkQ85Pp6if4sAK3kpuzi/xHTVAxJO6Z0yZntWE7O6hZtHQaNAQuwQhBszgkJgvcV+bBJFznKlXQYqJyhxew6mCHqixb7/IdVTBLyXvHEq1zm39aWrAA9s7KERu7hEdP5/zXRoIRtdYdI51vLLKWKzg6gEqKMsEqXoQ69buEopeHh7fMAzZyh4yRfFwtSYd+uc/eL78eCgT4aNKDpWVVUl+vsPOb02suCgRvyjTpMLoM9N/RCbtuZPi5kvmdw+jyC5pHydTRskdDcvxXHN+xt7ouXiDgVBiMJanyeZwMGpXeRaTxS+0n/tsC17k11l6dayvTlnVFn6cFHdBkSiLZVtYpjUUwpTKq/80qxqhuafORVc6yz28C9PmNG7E9yBVNJPHLXXkhJCB5+Qsn67o/ETWbdeEN6seDR+fQsBnFlzBTwVg8hs5hvq+vuuIE+RZSnXChkHsvffz1+IMqnJ+/qUcLGk= Jay Patel@JAYPATEL",
            "tags": null,
            "tags_all": {}
          },
          "sensitive_attributes": [],
          "private": "eyJzY2hlbWFfdmVyc2lvbiI6IjEifQ=="
        }
      ]
    }
  ],
  "check_results": null
}
